
Microsoft Visual Studio Solution File, Format Version 12.00
# Visual Studio 15
VisualStudioVersion = 15.0.26124.0
MinimumVisualStudioVersion = 15.0.26124.0
Project("{6EC3EE1D-3C4E-46DD-8F32-0CC8E7565705}") = "Piktical.Api.PrimaryTicketAgent", "Piktical.Api.PrimaryTicketAgent\Piktical.Api.PrimaryTicketAgent.fsproj", "{508AE0BC-83E0-4113-AFC0-B1D2DB384B2D}"
EndProject
Project("{6EC3EE1D-3C4E-46DD-8F32-0CC8E7565705}") = "Piktical.Api.Core", "Piktical.Api.Core\Piktical.Api.Core.fsproj", "{B1C9C686-DAEB-44D0-9E22-9CAE4A521892}"
EndProject
Project("{F2A71F9B-5D33-465A-A702-920D77279786}") = "Piktical.Api.EventOrganiser", "Piktical.Api.EventOrganiser\Piktical.Api.EventOrganiser.fsproj", "{AF62B974-FA48-457E-8334-C378F5273947}"
EndProject
Project("{6EC3EE1D-3C4E-46DD-8F32-0CC8E7565705}") = "Piktical.Api.Reseller", "Piktical.Api.Reseller\Piktical.Api.Reseller.fsproj", "{520B0C7F-4E57-4844-BAC6-4F46B146EEF8}"
EndProject
Project("{F2A71F9B-5D33-465A-A702-920D77279786}") = "Piktical.Api.EventSecurity", "Piktical.Api.EventSecurity\Piktical.Api.EventSecurity.fsproj", "{A0A69CA2-2AD8-4CD8-87F4-3C343A69B8B2}"
EndProject
Global
	GlobalSection(SolutionConfigurationPlatforms) = preSolution
		Debug|Any CPU = Debug|Any CPU
		Release|Any CPU = Release|Any CPU
	EndGlobalSection
	GlobalSection(ProjectConfigurationPlatforms) = postSolution
		{508AE0BC-83E0-4113-AFC0-B1D2DB384B2D}.Debug|Any CPU.ActiveCfg = Debug|Any CPU
		{508AE0BC-83E0-4113-AFC0-B1D2DB384B2D}.Debug|Any CPU.Build.0 = Debug|Any CPU
		{508AE0BC-83E0-4113-AFC0-B1D2DB384B2D}.Release|Any CPU.ActiveCfg = Release|Any CPU
		{508AE0BC-83E0-4113-AFC0-B1D2DB384B2D}.Release|Any CPU.Build.0 = Release|Any CPU
		{B1C9C686-DAEB-44D0-9E22-9CAE4A521892}.Debug|Any CPU.ActiveCfg = Debug|Any CPU
		{B1C9C686-DAEB-44D0-9E22-9CAE4A521892}.Debug|Any CPU.Build.0 = Debug|Any CPU
		{B1C9C686-DAEB-44D0-9E22-9CAE4A521892}.Release|Any CPU.ActiveCfg = Release|Any CPU
		{B1C9C686-DAEB-44D0-9E22-9CAE4A521892}.Release|Any CPU.Build.0 = Release|Any CPU
		{AF62B974-FA48-457E-8334-C378F5273947}.Debug|Any CPU.ActiveCfg = Debug|Any CPU
		{AF62B974-FA48-457E-8334-C378F5273947}.Debug|Any CPU.Build.0 = Debug|Any CPU
		{AF62B974-FA48-457E-8334-C378F5273947}.Release|Any CPU.ActiveCfg = Release|Any CPU
		{AF62B974-FA48-457E-8334-C378F5273947}.Release|Any CPU.Build.0 = Release|Any CPU
		{520B0C7F-4E57-4844-BAC6-4F46B146EEF8}.Debug|Any CPU.ActiveCfg = Debug|Any CPU
		{520B0C7F-4E57-4844-BAC6-4F46B146EEF8}.Debug|Any CPU.Build.0 = Debug|Any CPU
		{520B0C7F-4E57-4844-BAC6-4F46B146EEF8}.Release|Any CPU.ActiveCfg = Release|Any CPU
		{520B0C7F-4E57-4844-BAC6-4F46B146EEF8}.Release|Any CPU.Build.0 = Release|Any CPU
		{A0A69CA2-2AD8-4CD8-87F4-3C343A69B8B2}.Debug|Any CPU.ActiveCfg = Debug|Any CPU
		{A0A69CA2-2AD8-4CD8-87F4-3C343A69B8B2}.Debug|Any CPU.Build.0 = Debug|Any CPU
		{A0A69CA2-2AD8-4CD8-87F4-3C343A69B8B2}.Release|Any CPU.ActiveCfg = Release|Any CPU
		{A0A69CA2-2AD8-4CD8-87F4-3C343A69B8B2}.Release|Any CPU.Build.0 = Release|Any CPU
	EndGlobalSection
	GlobalSection(SolutionProperties) = preSolution
		HideSolutionNode = FALSE
	EndGlobalSection
	GlobalSection(ExtensibilityGlobals) = postSolution
		SolutionGuid = {52234099-D4ED-4578-86CA-AD9ACA1CF61C}
	EndGlobalSection
EndGlobal
